
Microsoft Visual Studio Solution File, Format Version 12.00
# Visual Studio Version 17
VisualStudioVersion = 17.2.32516.85
MinimumVisualStudioVersion = 10.0.40219.1
Project("{FAE04EC0-301F-11D3-BF4B-00C04F79EFBC}") = "OSRSCombatCalc", "OSRSCombatCalc\OSRSCombatCalc.csproj", "{588B3ACA-0225-443B-A5FF-A14EDD231105}"
EndProject
Global
	GlobalSection(SolutionConfigurationPlatforms) = preSolution
		Debug|Any CPU = Debug|Any CPU
		Release|Any CPU = Release|Any CPU
	EndGlobalSection
	GlobalSection(ProjectConfigurationPlatforms) = postSolution
		{588B3ACA-0225-443B-A5FF-A14EDD231105}.Debug|Any CPU.ActiveCfg = Debug|Any CPU
		{588B3ACA-0225-443B-A5FF-A14EDD231105}.Debug|Any CPU.Build.0 = Debug|Any CPU
		{588B3ACA-0225-443B-A5FF-A14EDD231105}.Release|Any CPU.ActiveCfg = Release|Any CPU
		{588B3ACA-0225-443B-A5FF-A14EDD231105}.Release|Any CPU.Build.0 = Release|Any CPU
	EndGlobalSection
	GlobalSection(SolutionProperties) = preSolution
		HideSolutionNode = FALSE
	EndGlobalSection
	GlobalSection(ExtensibilityGlobals) = postSolution
		SolutionGuid = {35248C99-5D37-4AAD-B230-F228C0CA8385}
	EndGlobalSection
EndGlobal
